
Microsoft Visual Studio Solution File, Format Version 12.00
# Visual Studio Version 17
VisualStudioVersion = 17.11.35431.28
MinimumVisualStudioVersion = 10.0.40219.1
Project("{FAE04EC0-301F-11D3-BF4B-00C04F79EFBC}") = "BucketListBL", "BucketListBL\BucketListBL.csproj", "{A9CEB4CF-8B14-44B1-9C0C-FF7A75742AAD}"
EndProject
Project("{FAE04EC0-301F-11D3-BF4B-00C04F79EFBC}") = "BucketListDL", "BucketListDL\BucketListDL.csproj", "{295115D6-4C58-4F31-93CA-9E5B9C797A12}"
EndProject
Project("{FAE04EC0-301F-11D3-BF4B-00C04F79EFBC}") = "BucketListRESTService", "BucketListRESTService\BucketListRESTService.csproj", "{3C6A6C95-3EE6-4CB2-8C5D-E83C365B6F92}"
EndProject
Global
	GlobalSection(SolutionConfigurationPlatforms) = preSolution
		Debug|Any CPU = Debug|Any CPU
		Release|Any CPU = Release|Any CPU
	EndGlobalSection
	GlobalSection(ProjectConfigurationPlatforms) = postSolution
		{A9CEB4CF-8B14-44B1-9C0C-FF7A75742AAD}.Debug|Any CPU.ActiveCfg = Debug|Any CPU
		{A9CEB4CF-8B14-44B1-9C0C-FF7A75742AAD}.Debug|Any CPU.Build.0 = Debug|Any CPU
		{A9CEB4CF-8B14-44B1-9C0C-FF7A75742AAD}.Release|Any CPU.ActiveCfg = Release|Any CPU
		{A9CEB4CF-8B14-44B1-9C0C-FF7A75742AAD}.Release|Any CPU.Build.0 = Release|Any CPU
		{295115D6-4C58-4F31-93CA-9E5B9C797A12}.Debug|Any CPU.ActiveCfg = Debug|Any CPU
		{295115D6-4C58-4F31-93CA-9E5B9C797A12}.Debug|Any CPU.Build.0 = Debug|Any CPU
		{295115D6-4C58-4F31-93CA-9E5B9C797A12}.Release|Any CPU.ActiveCfg = Release|Any CPU
		{295115D6-4C58-4F31-93CA-9E5B9C797A12}.Release|Any CPU.Build.0 = Release|Any CPU
		{3C6A6C95-3EE6-4CB2-8C5D-E83C365B6F92}.Debug|Any CPU.ActiveCfg = Debug|Any CPU
		{3C6A6C95-3EE6-4CB2-8C5D-E83C365B6F92}.Debug|Any CPU.Build.0 = Debug|Any CPU
		{3C6A6C95-3EE6-4CB2-8C5D-E83C365B6F92}.Release|Any CPU.ActiveCfg = Release|Any CPU
		{3C6A6C95-3EE6-4CB2-8C5D-E83C365B6F92}.Release|Any CPU.Build.0 = Release|Any CPU
	EndGlobalSection
	GlobalSection(SolutionProperties) = preSolution
		HideSolutionNode = FALSE
	EndGlobalSection
	GlobalSection(ExtensibilityGlobals) = postSolution
		SolutionGuid = {564EE2C1-CBCE-4055-8F02-C0FA9E8261F3}
	EndGlobalSection
EndGlobal
